{
  "lockfileVersion": 2,
  "configVersion": 1,
  "workspaces": {
    "": {
      "name": "bend-over",
      "dependencies": {
        "@sqlite.org/sqlite-wasm": "3.53.4-build1",
      },
      "devDependencies": {
        "@playwright/test": "1.63.0",
      },
    },
  },
  "packages": {
    "@playwright/test": ["@playwright/test@1.63.0", "", { "dependencies": { "playwright": "1.63.0" }, "bin": { "playwright": "cli.js" } }, "sha512-oxMK4vllB9RK5NQ2l1pq1IfOf2AvnEuj/vYGDj0H2nMtmtZpKtCwt/l00GEO6xjGfpBNAvjovvYdCm50dRQkpQ=="],

    "@sqlite.org/sqlite-wasm": ["@sqlite.org/sqlite-wasm@3.53.4-build1", "", {}, "sha512-U8pvL0patYHMgieD8JxxYJTlh9m1LUX8+BDYb7MiKQzBI89f2qbdmdcG/PvnPaLm9wsBbv4VlVG453ixnxBOnA=="],

    "playwright": ["playwright@1.63.0", "", { "dependencies": { "playwright-core": "1.63.0" }, "bin": { "playwright": "cli.js" } }, "sha512-+7ziBLidS4NaNCdt57SUDT+wYmmd5fmiQejUic/kb+YsYSCPyOOE9sebzMjNmQrsnNpDJqd4WHvV/8lfKfUDUg=="],

    "playwright-core": ["playwright-core@1.63.0", "", { "bin": { "playwright-core": "cli.js" } }, "sha512-rYCsBF/M5HjUch52bbtVONEFjv6Xu8sm8h72dNlR5bzIE1fvC/bxgspzkjSfU+MweEMmPM8KJebG6nnyxo5mCg=="],
  }
}
